
Microsoft Visual Studio Solution File, Format Version 12.00
# Visual Studio 15
VisualStudioVersion = 15.0.27512.0
MinimumVisualStudioVersion = 10.0.40219.1
Project("{8BC9CEB8-8B4A-11D0-8D11-00A0C91BC942}") = "RsCppDemo", "RsCppDemo\RsCppDemo.vcxproj", "{BE959E45-D6D0-49EE-B1DF-ACC6F9B70291}"
EndProject
Global
	GlobalSection(SolutionConfigurationPlatforms) = preSolution
		Debug|x64 = Debug|x64
		Debug|x86 = Debug|x86
		Release|x64 = Release|x64
		Release|x86 = Release|x86
	EndGlobalSection
	GlobalSection(ProjectConfigurationPlatforms) = postSolution
		{BE959E45-D6D0-49EE-B1DF-ACC6F9B70291}.Debug|x64.ActiveCfg = Debug|x64
		{BE959E45-D6D0-49EE-B1DF-ACC6F9B70291}.Debug|x64.Build.0 = Debug|x64
		{BE959E45-D6D0-49EE-B1DF-ACC6F9B70291}.Debug|x86.ActiveCfg = Debug|Win32
		{BE959E45-D6D0-49EE-B1DF-ACC6F9B70291}.Debug|x86.Build.0 = Debug|Win32
		{BE959E45-D6D0-49EE-B1DF-ACC6F9B70291}.Release|x64.ActiveCfg = Release|x64
		{BE959E45-D6D0-49EE-B1DF-ACC6F9B70291}.Release|x64.Build.0 = Release|x64
		{BE959E45-D6D0-49EE-B1DF-ACC6F9B70291}.Release|x86.ActiveCfg = Release|Win32
		{BE959E45-D6D0-49EE-B1DF-ACC6F9B70291}.Release|x86.Build.0 = Release|Win32
	EndGlobalSection
	GlobalSection(SolutionProperties) = preSolution
		HideSolutionNode = FALSE
	EndGlobalSection
	GlobalSection(ExtensibilityGlobals) = postSolution
		SolutionGuid = {70E23814-B3C4-4B35-AA76-979901D038EA}
	EndGlobalSection
EndGlobal
